{
  "name": "lisa.sync.csvadapter",
  "version": "1.0.1",
  "lockfileVersion": 1,
  "requires": true,
  "dependencies": {
    "jsonexport": {
      "version": "3.0.0",
      "resolved": "http://npm.dcjet.com.cn:10000/jsonexport/-/jsonexport-3.0.0.tgz",
      "integrity": "sha1-3Hipy5NikU5kx29KbTfq9rfdjMM="
    },
    "lisa.csv.parser.js": {
      "version": "1.0.0",
      "resolved": "https://registry.npmjs.org/lisa.csv.parser.js/-/lisa.csv.parser.js-1.0.0.tgz",
      "integrity": "sha512-WJXU+A/m51Rkgb0Ay6HYFzW7J0p/ft1Ce+Se1iIUQkIt/y36JBWJ+3bYpNSDAHv7Mkzn4zDkPdtYQqLxnF/rfA==",
      "requires": {
        "jsonexport": "^3.0.0"
      }
    },
    "mkdirp": {
      "version": "1.0.4",
      "resolved": "http://npm.dcjet.com.cn:10000/mkdirp/-/mkdirp-1.0.4.tgz",
      "integrity": "sha1-PrXtYmInVteaXw4qIh3+utdcL34="
    }
  }
}
